// !$*UTF8*$!
{
	archiveVersion = 1;
	classes = {
	};
	objectVersion = 50;
	objects = {

/* Begin PBXBuildFile section */
		52C816332666A74D0023958E /* AppDelegate.swift in Sources */ = {isa = PBXBuildFile; fileRef = 52C816322666A74D0023958E /* AppDelegate.swift */; };
		52C816352666A74D0023958E /* SceneDelegate.swift in Sources */ = {isa = PBXBuildFile; fileRef = 52C816342666A74D0023958E /* SceneDelegate.swift */; };
		52C816372666A74D0023958E /* ViewController.swift in Sources */ = {isa = PBXBuildFile; fileRef = 52C816362666A74D0023958E /* ViewController.swift */; };
		52C8163C2666A74F0023958E /* Assets.xcassets in Resources */ = {isa = PBXBuildFile; fileRef = 52C8163B2666A74F0023958E /* Assets.xcassets */; };
		52C8163F2666A74F0023958E /* LaunchScreen.storyboard in Resources */ = {isa = PBXBuildFile; fileRef = 52C8163D2666A74F0023958E /* LaunchScreen.storyboard */; };
		52C8164B2666A8350023958E /* CollectionViewController.swift in Sources */ = {isa = PBXBuildFile; fileRef = 52C8164A2666A8350023958E /* CollectionViewController.swift */; };
		52C8164F2666A8F80023958E /* Section.swift in Sources */ = {isa = PBXBuildFile; fileRef = 52C8164E2666A8F80023958E /* Section.swift */; };
		52C816522666A90F0023958E /* Item.swift in Sources */ = {isa = PBXBuildFile; fileRef = 52C816512666A90F0023958E /* Item.swift */; };
		52C816552666A9480023958E /* Type.swift in Sources */ = {isa = PBXBuildFile; fileRef = 52C816542666A9480023958E /* Type.swift */; };
		52C816582666A9900023958E /* Restaurant.swift in Sources */ = {isa = PBXBuildFile; fileRef = 52C816572666A9900023958E /* Restaurant.swift */; };
		52C8165B2666AA1F0023958E /* FiltersCollectionViewCell.swift in Sources */ = {isa = PBXBuildFile; fileRef = 52C8165A2666AA1F0023958E /* FiltersCollectionViewCell.swift */; };
		52C816612666AE5C0023958E /* UIButton+HighlightedButton.swift in Sources */ = {isa = PBXBuildFile; fileRef = 52C816602666AE5C0023958E /* UIButton+HighlightedButton.swift */; };
		52C816642666B22E0023958E /* RestaurantCollectionViewCell.swift in Sources */ = {isa = PBXBuildFile; fileRef = 52C816632666B22E0023958E /* RestaurantCollectionViewCell.swift */; };
		52C816672666B9600023958E /* Layout.swift in Sources */ = {isa = PBXBuildFile; fileRef = 52C816662666B9600023958E /* Layout.swift */; };
/* End PBXBuildFile section */

/* Begin PBXFileReference section */
		52C8162F2666A74D0023958E /* MyRestaurants.app */ = {isa = PBXFileReference; explicitFileType = wrapper.application; includeInIndex = 0; path = MyRestaurants.app; sourceTree = BUILT_PRODUCTS_DIR; };
		52C816322666A74D0023958E /* AppDelegate.swift */ = {isa = PBXFileReference; lastKnownFileType = sourcecode.swift; path = AppDelegate.swift; sourceTree = "<group>"; };
		52C816342666A74D0023958E /* SceneDelegate.swift */ = {isa = PBXFileReference; lastKnownFileType = sourcecode.swift; path = SceneDelegate.swift; sourceTree = "<group>"; };
		52C816362666A74D0023958E /* ViewController.swift */ = {isa = PBXFileReference; lastKnownFileType = sourcecode.swift; path = ViewController.swift; sourceTree = "<group>"; };
		52C8163B2666A74F0023958E /* Assets.xcassets */ = {isa = PBXFileReference; lastKnownFileType = folder.assetcatalog; path = Assets.xcassets; sourceTree = "<group>"; };
		52C8163E2666A74F0023958E /* Base */ = {isa = PBXFileReference; lastKnownFileType = file.storyboard; name = Base; path = Base.lproj/LaunchScreen.storyboard; sourceTree = "<group>"; };
		52C816402666A74F0023958E /* Info.plist */ = {isa = PBXFileReference; lastKnownFileType = text.plist.xml; path = Info.plist; sourceTree = "<group>"; };
		52C8164A2666A8350023958E /* CollectionViewController.swift */ = {isa = PBXFileReference; lastKnownFileType = sourcecode.swift; path = CollectionViewController.swift; sourceTree = "<group>"; };
		52C8164E2666A8F80023958E /* Section.swift */ = {isa = PBXFileReference; lastKnownFileType = sourcecode.swift; path = Section.swift; sourceTree = "<group>"; };
		52C816512666A90F0023958E /* Item.swift */ = {isa = PBXFileReference; lastKnownFileType = sourcecode.swift; path = Item.swift; sourceTree = "<group>"; };
		52C816542666A9480023958E /* Type.swift */ = {isa = PBXFileReference; lastKnownFileType = sourcecode.swift; path = Type.swift; sourceTree = "<group>"; };
		52C816572666A9900023958E /* Restaurant.swift */ = {isa = PBXFileReference; lastKnownFileType = sourcecode.swift; path = Restaurant.swift; sourceTree = "<group>"; };
		52C8165A2666AA1F0023958E /* FiltersCollectionViewCell.swift */ = {isa = PBXFileReference; fileEncoding = 4; lastKnownFileType = sourcecode.swift; path = FiltersCollectionViewCell.swift; sourceTree = "<group>"; };
		52C816602666AE5C0023958E /* UIButton+HighlightedButton.swift */ = {isa = PBXFileReference; lastKnownFileType = sourcecode.swift; path = "UIButton+HighlightedButton.swift"; sourceTree = "<group>"; };
		52C816632666B22E0023958E /* RestaurantCollectionViewCell.swift */ = {isa = PBXFileReference; fileEncoding = 4; lastKnownFileType = sourcecode.swift; path = RestaurantCollectionViewCell.swift; sourceTree = "<group>"; };
		52C816662666B9600023958E /* Layout.swift */ = {isa = PBXFileReference; lastKnownFileType = sourcecode.swift; path = Layout.swift; sourceTree = "<group>"; };
/* End PBXFileReference section */

/* Begin PBXFrameworksBuildPhase section */
		52C8162C2666A74D0023958E /* Frameworks */ = {
			isa = PBXFrameworksBuildPhase;
			buildActionMask = 2147483647;
			files = (
			);
			runOnlyForDeploymentPostprocessing = 0;
		};
/* End PBXFrameworksBuildPhase section */

/* Begin PBXGroup section */
		52C816262666A74D0023958E = {
			isa = PBXGroup;
			children = (
				52C816312666A74D0023958E /* MyRestaurants */,
				52C816302666A74D0023958E /* Products */,
			);
			sourceTree = "<group>";
		};
		52C816302666A74D0023958E /* Products */ = {
			isa = PBXGroup;
			children = (
				52C8162F2666A74D0023958E /* MyRestaurants.app */,
			);
			name = Products;
			sourceTree = "<group>";
		};
		52C816312666A74D0023958E /* MyRestaurants */ = {
			isa = PBXGroup;
			children = (
				52C816482666A7CF0023958E /* Supporting Files */,
				52C8165D2666AA2B0023958E /* Models */,
				52C816402666A74F0023958E /* Info.plist */,
				52C8164A2666A8350023958E /* CollectionViewController.swift */,
				52C8165A2666AA1F0023958E /* FiltersCollectionViewCell.swift */,
				52C816632666B22E0023958E /* RestaurantCollectionViewCell.swift */,
				52C816602666AE5C0023958E /* UIButton+HighlightedButton.swift */,
			);
			path = MyRestaurants;
			sourceTree = "<group>";
		};
		52C816482666A7CF0023958E /* Supporting Files */ = {
			isa = PBXGroup;
			children = (
				52C816322666A74D0023958E /* AppDelegate.swift */,
				52C816342666A74D0023958E /* SceneDelegate.swift */,
				52C816362666A74D0023958E /* ViewController.swift */,
				52C8163B2666A74F0023958E /* Assets.xcassets */,
				52C8163D2666A74F0023958E /* LaunchScreen.storyboard */,
			);
			path = "Supporting Files";
			sourceTree = "<group>";
		};
		52C8165D2666AA2B0023958E /* Models */ = {
			isa = PBXGroup;
			children = (
				52C8164E2666A8F80023958E /* Section.swift */,
				52C816512666A90F0023958E /* Item.swift */,
				52C816542666A9480023958E /* Type.swift */,
				52C816572666A9900023958E /* Restaurant.swift */,
				52C816662666B9600023958E /* Layout.swift */,
			);
			path = Models;
			sourceTree = "<group>";
		};
/* End PBXGroup section */

/* Begin PBXNativeTarget section */
		52C8162E2666A74D0023958E /* MyRestaurants */ = {
			isa = PBXNativeTarget;
			buildConfigurationList = 52C816432666A74F0023958E /* Build configuration list for PBXNativeTarget "MyRestaurants" */;
			buildPhases = (
				52C8162B2666A74D0023958E /* Sources */,
				52C8162C2666A74D0023958E /* Frameworks */,
				52C8162D2666A74D0023958E /* Resources */,
			);
			buildRules = (
			);
			dependencies = (
			);
			name = MyRestaurants;
			productName = MyRestaurants;
			productReference = 52C8162F2666A74D0023958E /* MyRestaurants.app */;
			productType = "com.apple.product-type.application";
		};
/* End PBXNativeTarget section */

/* Begin PBXProject section */
		52C816272666A74D0023958E /* Project object */ = {
			isa = PBXProject;
			attributes = {
				LastSwiftUpdateCheck = 1240;
				LastUpgradeCheck = 1240;
				TargetAttributes = {
					52C8162E2666A74D0023958E = {
						CreatedOnToolsVersion = 12.4;
					};
				};
			};
			buildConfigurationList = 52C8162A2666A74D0023958E /* Build configuration list for PBXProject "MyRestaurants" */;
			compatibilityVersion = "Xcode 9.3";
			developmentRegion = en;
			hasScannedForEncodings = 0;
			knownRegions = (
				en,
				Base,
			);
			mainGroup = 52C816262666A74D0023958E;
			productRefGroup = 52C816302666A74D0023958E /* Products */;
			projectDirPath = "";
			projectRoot = "";
			targets = (
				52C8162E2666A74D0023958E /* MyRestaurants */,
			);
		};
/* End PBXProject section */

/* Begin PBXResourcesBuildPhase section */
		52C8162D2666A74D0023958E /* Resources */ = {
			isa = PBXResourcesBuildPhase;
			buildActionMask = 2147483647;
			files = (
				52C8163F2666A74F0023958E /* LaunchScreen.storyboard in Resources */,
				52C8163C2666A74F0023958E /* Assets.xcassets in Resources */,
			);
			runOnlyForDeploymentPostprocessing = 0;
		};
/* End PBXResourcesBuildPhase section */

/* Begin PBXSourcesBuildPhase section */
		52C8162B2666A74D0023958E /* Sources */ = {
			isa = PBXSourcesBuildPhase;
			buildActionMask = 2147483647;
			files = (
				52C8164F2666A8F80023958E /* Section.swift in Sources */,
				52C8164B2666A8350023958E /* CollectionViewController.swift in Sources */,
				52C816372666A74D0023958E /* ViewController.swift in Sources */,
				52C816332666A74D0023958E /* AppDelegate.swift in Sources */,
				52C816612666AE5C0023958E /* UIButton+HighlightedButton.swift in Sources */,
				52C816672666B9600023958E /* Layout.swift in Sources */,
				52C816582666A9900023958E /* Restaurant.swift in Sources */,
				52C8165B2666AA1F0023958E /* FiltersCollectionViewCell.swift in Sources */,
				52C816552666A9480023958E /* Type.swift in Sources */,
				52C816642666B22E0023958E /* RestaurantCollectionViewCell.swift in Sources */,
				52C816522666A90F0023958E /* Item.swift in Sources */,
				52C816352666A74D0023958E /* SceneDelegate.swift in Sources */,
			);
			runOnlyForDeploymentPostprocessing = 0;
		};
/* End PBXSourcesBuildPhase section */

/* Begin PBXVariantGroup section */
		52C8163D2666A74F0023958E /* LaunchScreen.storyboard */ = {
			isa = PBXVariantGroup;
			children = (
				52C8163E2666A74F0023958E /* Base */,
			);
			name = LaunchScreen.storyboard;
			sourceTree = "<group>";
		};
/* End PBXVariantGroup section */

/* Begin XCBuildConfiguration section */
		52C816412666A74F0023958E /* Debug */ = {
			isa = XCBuildConfiguration;
			buildSettings = {
				ALWAYS_SEARCH_USER_PATHS = NO;
				CLANG_ANALYZER_NONNULL = YES;
				CLANG_ANALYZER_NUMBER_OBJECT_CONVERSION = YES_AGGRESSIVE;
				CLANG_CXX_LANGUAGE_STANDARD = "gnu++14";
				CLANG_CXX_LIBRARY = "libc++";
				CLANG_ENABLE_MODULES = YES;
				CLANG_ENABLE_OBJC_ARC = YES;
				CLANG_ENABLE_OBJC_WEAK = YES;
				CLANG_WARN_BLOCK_CAPTURE_AUTORELEASING = YES;
				CLANG_WARN_BOOL_CONVERSION = YES;
				CLANG_WARN_COMMA = YES;
				CLANG_WARN_CONSTANT_CONVERSION = YES;
				CLANG_WARN_DEPRECATED_OBJC_IMPLEMENTATIONS = YES;
				CLANG_WARN_DIRECT_OBJC_ISA_USAGE = YES_ERROR;
				CLANG_WARN_DOCUMENTATION_COMMENTS = YES;
				CLANG_WARN_EMPTY_BODY = YES;
				CLANG_WARN_ENUM_CONVERSION = YES;
				CLANG_WARN_INFINITE_RECURSION = YES;
				CLANG_WARN_INT_CONVERSION = YES;
				CLANG_WARN_NON_LITERAL_NULL_CONVERSION = YES;
				CLANG_WARN_OBJC_IMPLICIT_RETAIN_SELF = YES;
				CLANG_WARN_OBJC_LITERAL_CONVERSION = YES;
				CLANG_WARN_OBJC_ROOT_CLASS = YES_ERROR;
				CLANG_WARN_QUOTED_INCLUDE_IN_FRAMEWORK_HEADER = YES;
				CLANG_WARN_RANGE_LOOP_ANALYSIS = YES;
				CLANG_WARN_STRICT_PROTOTYPES = YES;
				CLANG_WARN_SUSPICIOUS_MOVE = YES;
				CLANG_WARN_UNGUARDED_AVAILABILITY = YES_AGGRESSIVE;
				CLANG_WARN_UNREACHABLE_CODE = YES;
				CLANG_WARN__DUPLICATE_METHOD_MATCH = YES;
				COPY_PHASE_STRIP = NO;
				DEBUG_INFORMATION_FORMAT = dwarf;
				ENABLE_STRICT_OBJC_MSGSEND = YES;
				ENABLE_TESTABILITY = YES;
				GCC_C_LANGUAGE_STANDARD = gnu11;
				GCC_DYNAMIC_NO_PIC = NO;
				GCC_NO_COMMON_BLOCKS = YES;
				GCC_OPTIMIZATION_LEVEL = 0;
				GCC_PREPROCESSOR_DEFINITIONS = (
					"DEBUG=1",
					"$(inherited)",
				);
				GCC_WARN_64_TO_32_BIT_CONVERSION = YES;
				GCC_WARN_ABOUT_RETURN_TYPE = YES_ERROR;
				GCC_WARN_UNDECLARED_SELECTOR = YES;
				GCC_WARN_UNINITIALIZED_AUTOS = YES_AGGRESSIVE;
				GCC_WARN_UNUSED_FUNCTION = YES;
				GCC_WARN_UNUSED_VARIABLE = YES;
				IPHONEOS_DEPLOYMENT_TARGET = 14.4;
				MTL_ENABLE_DEBUG_INFO = INCLUDE_SOURCE;
				MTL_FAST_MATH = YES;
				ONLY_ACTIVE_ARCH = YES;
				SDKROOT = iphoneos;
				SWIFT_ACTIVE_COMPILATION_CONDITIONS = DEBUG;
				SWIFT_OPTIMIZATION_LEVEL = "-Onone";
			};
			name = Debug;
		};
		52C816422666A74F0023958E /* Release */ = {
			isa = XCBuildConfiguration;
			buildSettings = {
				ALWAYS_SEARCH_USER_PATHS = NO;
				CLANG_ANALYZER_NONNULL = YES;
				CLANG_ANALYZER_NUMBER_OBJECT_CONVERSION = YES_AGGRESSIVE;
				CLANG_CXX_LANGUAGE_STANDARD = "gnu++14";
				CLANG_CXX_LIBRARY = "libc++";
				CLANG_ENABLE_MODULES = YES;
				CLANG_ENABLE_OBJC_ARC = YES;
				CLANG_ENABLE_OBJC_WEAK = YES;
				CLANG_WARN_BLOCK_CAPTURE_AUTORELEASING = YES;
				CLANG_WARN_BOOL_CONVERSION = YES;
				CLANG_WARN_COMMA = YES;
				CLANG_WARN_CONSTANT_CONVERSION = YES;
				CLANG_WARN_DEPRECATED_OBJC_IMPLEMENTATIONS = YES;
				CLANG_WARN_DIRECT_OBJC_ISA_USAGE = YES_ERROR;
				CLANG_WARN_DOCUMENTATION_COMMENTS = YES;
				CLANG_WARN_EMPTY_BODY = YES;
				CLANG_WARN_ENUM_CONVERSION = YES;
				CLANG_WARN_INFINITE_RECURSION = YES;
				CLANG_WARN_INT_CONVERSION = YES;
				CLANG_WARN_NON_LITERAL_NULL_CONVERSION = YES;
				CLANG_WARN_OBJC_IMPLICIT_RETAIN_SELF = YES;
				CLANG_WARN_OBJC_LITERAL_CONVERSION = YES;
				CLANG_WARN_OBJC_ROOT_CLASS = YES_ERROR;
				CLANG_WARN_QUOTED_INCLUDE_IN_FRAMEWORK_HEADER = YES;
				CLANG_WARN_RANGE_LOOP_ANALYSIS = YES;
				CLANG_WARN_STRICT_PROTOTYPES = YES;
				CLANG_WARN_SUSPICIOUS_MOVE = YES;
				CLANG_WARN_UNGUARDED_AVAILABILITY = YES_AGGRESSIVE;
				CLANG_WARN_UNREACHABLE_CODE = YES;
				CLANG_WARN__DUPLICATE_METHOD_MATCH = YES;
				COPY_PHASE_STRIP = NO;
				DEBUG_INFORMATION_FORMAT = "dwarf-with-dsym";
				ENABLE_NS_ASSERTIONS = NO;
				ENABLE_STRICT_OBJC_MSGSEND = YES;
				GCC_C_LANGUAGE_STANDARD = gnu11;
				GCC_NO_COMMON_BLOCKS = YES;
				GCC_WARN_64_TO_32_BIT_CONVERSION = YES;
				GCC_WARN_ABOUT_RETURN_TYPE = YES_ERROR;
				GCC_WARN_UNDECLARED_SELECTOR = YES;
				GCC_WARN_UNINITIALIZED_AUTOS = YES_AGGRESSIVE;
				GCC_WARN_UNUSED_FUNCTION = YES;
				GCC_WARN_UNUSED_VARIABLE = YES;
				IPHONEOS_DEPLOYMENT_TARGET = 14.4;
				MTL_ENABLE_DEBUG_INFO = NO;
				MTL_FAST_MATH = YES;
				SDKROOT = iphoneos;
				SWIFT_COMPILATION_MODE = wholemodule;
				SWIFT_OPTIMIZATION_LEVEL = "-O";
				VALIDATE_PRODUCT = YES;
			};
			name = Release;
		};
		52C816442666A74F0023958E /* Debug */ = {
			isa = XCBuildConfiguration;
			buildSettings = {
				ASSETCATALOG_COMPILER_APPICON_NAME = AppIcon;
				ASSETCATALOG_COMPILER_GLOBAL_ACCENT_COLOR_NAME = AccentColor;
				CODE_SIGN_STYLE = Automatic;
				DEVELOPMENT_TEAM = 64WDT8FS6K;
				INFOPLIST_FILE = MyRestaurants/Info.plist;
				LD_RUNPATH_SEARCH_PATHS = (
					"$(inherited)",
					"@executable_path/Frameworks",
				);
				PRODUCT_BUNDLE_IDENTIFIER = com.dylan.MyRestaurants;
				PRODUCT_NAME = "$(TARGET_NAME)";
				SWIFT_VERSION = 5.0;
				TARGETED_DEVICE_FAMILY = "1,2";
			};
			name = Debug;
		};
		52C816452666A74F0023958E /* Release */ = {
			isa = XCBuildConfiguration;
			buildSettings = {
				ASSETCATALOG_COMPILER_APPICON_NAME = AppIcon;
				ASSETCATALOG_COMPILER_GLOBAL_ACCENT_COLOR_NAME = AccentColor;
				CODE_SIGN_STYLE = Automatic;
				DEVELOPMENT_TEAM = 64WDT8FS6K;
				INFOPLIST_FILE = MyRestaurants/Info.plist;
				LD_RUNPATH_SEARCH_PATHS = (
					"$(inherited)",
					"@executable_path/Frameworks",
				);
				PRODUCT_BUNDLE_IDENTIFIER = com.dylan.MyRestaurants;
				PRODUCT_NAME = "$(TARGET_NAME)";
				SWIFT_VERSION = 5.0;
				TARGETED_DEVICE_FAMILY = "1,2";
			};
			name = Release;
		};
/* End XCBuildConfiguration section */

/* Begin XCConfigurationList section */
		52C8162A2666A74D0023958E /* Build configuration list for PBXProject "MyRestaurants" */ = {
			isa = XCConfigurationList;
			buildConfigurations = (
				52C816412666A74F0023958E /* Debug */,
				52C816422666A74F0023958E /* Release */,
			);
			defaultConfigurationIsVisible = 0;
			defaultConfigurationName = Release;
		};
		52C816432666A74F0023958E /* Build configuration list for PBXNativeTarget "MyRestaurants" */ = {
			isa = XCConfigurationList;
			buildConfigurations = (
				52C816442666A74F0023958E /* Debug */,
				52C816452666A74F0023958E /* Release */,
			);
			defaultConfigurationIsVisible = 0;
			defaultConfigurationName = Release;
		};
/* End XCConfigurationList section */
	};
	rootObject = 52C816272666A74D0023958E /* Project object */;
}
